
Microsoft Visual Studio Solution File, Format Version 12.00
# Visual Studio 15
VisualStudioVersion = 15.0.27130.2027
MinimumVisualStudioVersion = 10.0.40219.1
Project("{FAE04EC0-301F-11D3-BF4B-00C04F79EFBC}") = "Appacker GUI", "Appacker\Appacker GUI.csproj", "{0618E8D3-3057-4317-8BA4-46F39EB864F3}"
EndProject
Project("{FAE04EC0-301F-11D3-BF4B-00C04F79EFBC}") = "Packer", "Packer\Packer.csproj", "{076A6452-1FA4-4995-95BF-C4E28EEFD062}"
EndProject
Global
	GlobalSection(SolutionConfigurationPlatforms) = preSolution
		Debug|Any CPU = Debug|Any CPU
		Release|Any CPU = Release|Any CPU
	EndGlobalSection
	GlobalSection(ProjectConfigurationPlatforms) = postSolution
		{0618E8D3-3057-4317-8BA4-46F39EB864F3}.Debug|Any CPU.ActiveCfg = Debug|Any CPU
		{0618E8D3-3057-4317-8BA4-46F39EB864F3}.Debug|Any CPU.Build.0 = Debug|Any CPU
		{0618E8D3-3057-4317-8BA4-46F39EB864F3}.Release|Any CPU.ActiveCfg = Release|Any CPU
		{0618E8D3-3057-4317-8BA4-46F39EB864F3}.Release|Any CPU.Build.0 = Release|Any CPU
		{076A6452-1FA4-4995-95BF-C4E28EEFD062}.Debug|Any CPU.ActiveCfg = Debug|Any CPU
		{076A6452-1FA4-4995-95BF-C4E28EEFD062}.Debug|Any CPU.Build.0 = Debug|Any CPU
		{076A6452-1FA4-4995-95BF-C4E28EEFD062}.Release|Any CPU.ActiveCfg = Release|Any CPU
		{076A6452-1FA4-4995-95BF-C4E28EEFD062}.Release|Any CPU.Build.0 = Release|Any CPU
	EndGlobalSection
	GlobalSection(SolutionProperties) = preSolution
		HideSolutionNode = FALSE
	EndGlobalSection
	GlobalSection(ExtensibilityGlobals) = postSolution
		SolutionGuid = {2BAA269F-3FDE-44A6-9B97-20588DFDFEC3}
	EndGlobalSection
EndGlobal
