
Microsoft Visual Studio Solution File, Format Version 12.00
# Visual Studio 15
VisualStudioVersion = 15.0.27130.2027
MinimumVisualStudioVersion = 10.0.40219.1
Project("{FAE04EC0-301F-11D3-BF4B-00C04F79EFBC}") = "Appacker GUI", "Appacker\Appacker GUI.csproj", "{0618E8D3-3057-4317-8BA4-46F39EB864F3}"
	ProjectSection(ProjectDependencies) = postProject
		{076A6452-1FA4-4995-95BF-C4E28EEFD062} = {076A6452-1FA4-4995-95BF-C4E28EEFD062}
		{D7B9897A-704B-4754-BB33-F26529A23EA6} = {D7B9897A-704B-4754-BB33-F26529A23EA6}
		{CE53747F-D2E6-4E1E-9EF4-A0AE02671B1D} = {CE53747F-D2E6-4E1E-9EF4-A0AE02671B1D}
		{8D85B3EA-40DB-4187-A4F6-FA6263669C5B} = {8D85B3EA-40DB-4187-A4F6-FA6263669C5B}
	EndProjectSection
EndProject
Project("{FAE04EC0-301F-11D3-BF4B-00C04F79EFBC}") = "Packer", "Packer\Packer.csproj", "{076A6452-1FA4-4995-95BF-C4E28EEFD062}"
	ProjectSection(ProjectDependencies) = postProject
		{13429E30-A572-47E8-91D7-423FD1D98E27} = {13429E30-A572-47E8-91D7-423FD1D98E27}
		{8D85B3EA-40DB-4187-A4F6-FA6263669C5B} = {8D85B3EA-40DB-4187-A4F6-FA6263669C5B}
	EndProjectSection
EndProject
Project("{FAE04EC0-301F-11D3-BF4B-00C04F79EFBC}") = "Unpacker", "Unpacker\Unpacker.csproj", "{8D85B3EA-40DB-4187-A4F6-FA6263669C5B}"
EndProject
Project("{FAE04EC0-301F-11D3-BF4B-00C04F79EFBC}") = "IconInjector", "IconInjector\IconInjector.csproj", "{D7B9897A-704B-4754-BB33-F26529A23EA6}"
EndProject
Project("{FAE04EC0-301F-11D3-BF4B-00C04F79EFBC}") = "IconLib", "IconLib\IconLib.csproj", "{CE53747F-D2E6-4E1E-9EF4-A0AE02671B1D}"
EndProject
Project("{FAE04EC0-301F-11D3-BF4B-00C04F79EFBC}") = "SharedLib", "SharedLib\SharedLib.csproj", "{13429E30-A572-47E8-91D7-423FD1D98E27}"
EndProject
Global
	GlobalSection(SolutionConfigurationPlatforms) = preSolution
		Debug|Any CPU = Debug|Any CPU
		Release|Any CPU = Release|Any CPU
	EndGlobalSection
	GlobalSection(ProjectConfigurationPlatforms) = postSolution
		{0618E8D3-3057-4317-8BA4-46F39EB864F3}.Debug|Any CPU.ActiveCfg = Debug|Any CPU
		{0618E8D3-3057-4317-8BA4-46F39EB864F3}.Debug|Any CPU.Build.0 = Debug|Any CPU
		{0618E8D3-3057-4317-8BA4-46F39EB864F3}.Release|Any CPU.ActiveCfg = Release|Any CPU
		{0618E8D3-3057-4317-8BA4-46F39EB864F3}.Release|Any CPU.Build.0 = Release|Any CPU
		{076A6452-1FA4-4995-95BF-C4E28EEFD062}.Debug|Any CPU.ActiveCfg = Debug|Any CPU
		{076A6452-1FA4-4995-95BF-C4E28EEFD062}.Debug|Any CPU.Build.0 = Debug|Any CPU
		{076A6452-1FA4-4995-95BF-C4E28EEFD062}.Release|Any CPU.ActiveCfg = Release|Any CPU
		{076A6452-1FA4-4995-95BF-C4E28EEFD062}.Release|Any CPU.Build.0 = Release|Any CPU
		{8D85B3EA-40DB-4187-A4F6-FA6263669C5B}.Debug|Any CPU.ActiveCfg = Debug|Any CPU
		{8D85B3EA-40DB-4187-A4F6-FA6263669C5B}.Debug|Any CPU.Build.0 = Debug|Any CPU
		{8D85B3EA-40DB-4187-A4F6-FA6263669C5B}.Release|Any CPU.ActiveCfg = Release|Any CPU
		{8D85B3EA-40DB-4187-A4F6-FA6263669C5B}.Release|Any CPU.Build.0 = Release|Any CPU
		{D7B9897A-704B-4754-BB33-F26529A23EA6}.Debug|Any CPU.ActiveCfg = Debug|Any CPU
		{D7B9897A-704B-4754-BB33-F26529A23EA6}.Debug|Any CPU.Build.0 = Debug|Any CPU
		{D7B9897A-704B-4754-BB33-F26529A23EA6}.Release|Any CPU.ActiveCfg = Release|Any CPU
		{D7B9897A-704B-4754-BB33-F26529A23EA6}.Release|Any CPU.Build.0 = Release|Any CPU
		{CE53747F-D2E6-4E1E-9EF4-A0AE02671B1D}.Debug|Any CPU.ActiveCfg = Debug|Any CPU
		{CE53747F-D2E6-4E1E-9EF4-A0AE02671B1D}.Debug|Any CPU.Build.0 = Debug|Any CPU
		{CE53747F-D2E6-4E1E-9EF4-A0AE02671B1D}.Release|Any CPU.ActiveCfg = Release|Any CPU
		{CE53747F-D2E6-4E1E-9EF4-A0AE02671B1D}.Release|Any CPU.Build.0 = Release|Any CPU
		{13429E30-A572-47E8-91D7-423FD1D98E27}.Debug|Any CPU.ActiveCfg = Debug|Any CPU
		{13429E30-A572-47E8-91D7-423FD1D98E27}.Debug|Any CPU.Build.0 = Debug|Any CPU
		{13429E30-A572-47E8-91D7-423FD1D98E27}.Release|Any CPU.ActiveCfg = Release|Any CPU
		{13429E30-A572-47E8-91D7-423FD1D98E27}.Release|Any CPU.Build.0 = Release|Any CPU
	EndGlobalSection
	GlobalSection(SolutionProperties) = preSolution
		HideSolutionNode = FALSE
	EndGlobalSection
	GlobalSection(ExtensibilityGlobals) = postSolution
		SolutionGuid = {2BAA269F-3FDE-44A6-9B97-20588DFDFEC3}
	EndGlobalSection
EndGlobal
